
Microsoft Visual Studio Solution File, Format Version 12.00
# Visual Studio Version 17
VisualStudioVersion = 17.9.34723.18
MinimumVisualStudioVersion = 10.0.40219.1
Project("{FAE04EC0-301F-11D3-BF4B-00C04F79EFBC}") = "Prestamo", "Prestamo\Prestamo.csproj", "{3C07765A-5F1A-41F5-A17B-97B98E214BE9}"
EndProject
Global
	GlobalSection(SolutionConfigurationPlatforms) = preSolution
		Debug|Any CPU = Debug|Any CPU
		Release|Any CPU = Release|Any CPU
	EndGlobalSection
	GlobalSection(ProjectConfigurationPlatforms) = postSolution
		{3C07765A-5F1A-41F5-A17B-97B98E214BE9}.Debug|Any CPU.ActiveCfg = Debug|Any CPU
		{3C07765A-5F1A-41F5-A17B-97B98E214BE9}.Debug|Any CPU.Build.0 = Debug|Any CPU
		{3C07765A-5F1A-41F5-A17B-97B98E214BE9}.Release|Any CPU.ActiveCfg = Release|Any CPU
		{3C07765A-5F1A-41F5-A17B-97B98E214BE9}.Release|Any CPU.Build.0 = Release|Any CPU
	EndGlobalSection
	GlobalSection(SolutionProperties) = preSolution
		HideSolutionNode = FALSE
	EndGlobalSection
	GlobalSection(ExtensibilityGlobals) = postSolution
		SolutionGuid = {431B0F28-5F75-486B-8415-A46397D8B99E}
	EndGlobalSection
EndGlobal
